<Solution>
  <Folder Name="/BuildingBlocks/">
    <Project Path="BuildingBlocks/BuildingBlocks/BuildingBlocks.csproj" Id="9039f1b1-45a2-4199-a411-457608494747" />
  </Folder>
  <Folder Name="/Services/" />
  <Folder Name="/Services/Basket/">
    <Project Path="Services/Basket/Basket.API/Basket.API.csproj" Id="aafb6370-cbaf-4b46-a0ae-b36d3c8f05b4" />
  </Folder>
  <Folder Name="/Services/Catalog/">
    <Project Path="Services/Catalog/Catalog.API/Catalog.API.csproj" Id="15bba167-9361-4309-ab3f-cd5cd77614f6" />
  </Folder>
  <Folder Name="/Services/Discount/">
    <Project Path="Services/Discount/Discount.Grpc/Discount.Grpc.csproj" Id="bf9895f2-d156-4937-b487-cff8a909f6e2" />
  </Folder>
  <Folder Name="/Services/Ordering/">
    <Project Path="Services/Ordering/Ordering.API/Ordering.API.csproj" Id="dd7e171b-a346-4ac9-87e0-9561c210d909" />
    <Project Path="Services/Ordering/Ordering.Application/Ordering.Application.csproj" Id="b4b234e8-2c40-439d-aa1f-25e1527654b0" />
    <Project Path="Services/Ordering/Ordering.Domain/Ordering.Domain.csproj" Id="828b14cd-5ac9-413f-8e4a-35a8248cda14" />
    <Project Path="Services/Ordering/Ordering.Infrastructure/Ordering.Infrastructure.csproj" Id="2682ebe7-44f5-4817-8d2d-0d6ff497848c" />
  </Folder>
  <Project Path="docker-compose.dcproj">
    <Build />
  </Project>
</Solution>
